[renv]
Version=0.4.0-38

[R]
Version=3.5.3
Repositories=
	CRAN=https://mirrors.dotsrc.org/cran/
	warn=1

[Bioconductor]
Repositories=
	BioCsoft=https://bioconductor.org/packages/3.8/bioc
	BioCann=https://bioconductor.org/packages/3.8/data/annotation
	BioCexp=https://bioconductor.org/packages/3.8/data/experiment
	BioCworkflows=https://bioconductor.org/packages/3.8/workflows
	CRAN=https://mirrors.dotsrc.org/cran/
	warn=1

[R/Package/AUCell]
Package=AUCell
Version=1.4.1
Source=Bioconductor
Hash=4a21c8b916f055322a5b83abd63e9de4

[R/Package/AnnotationDbi]
Package=AnnotationDbi
Version=1.44.0
Source=Bioconductor
Hash=48d4384690282b08f0f55df79b257d69

[R/Package/BH]
Package=BH
Version=1.69.0-1
Source=CRAN
Hash=c21ff57827acd7a1e150943fa1264677

[R/Package/Biobase]
Package=Biobase
Version=2.42.0
Source=Bioconductor
Hash=11040b20541b211c20c251f7155225df

[R/Package/BiocGenerics]
Package=BiocGenerics
Version=0.28.0
Source=Bioconductor
Hash=a91303d39c44b952ca0d5aaf75b7dd72

[R/Package/BiocManager]
Package=BiocManager
Version=1.30.9
Source=CRAN
Hash=7543f8c5ed8b2951f6babfce1096bf8d

[R/Package/BiocParallel]
Package=BiocParallel
Version=1.16.6
Source=Bioconductor
Hash=820ed900749df958e5685aca61ca4815

[R/Package/BiocVersion]
Package=BiocVersion
Version=3.8.0
Source=Bioconductor
Hash=cf9241271c354124975ee403bd18d76e

[R/Package/ComplexHeatmap]
Package=ComplexHeatmap
Version=1.20.0
Source=Bioconductor
Hash=517e5d0149e75731d3e40d5945e253d0

[R/Package/DBI]
Package=DBI
Version=1.0.0
Source=CRAN
Hash=94e14b1b10cd45c8f57027d484724e4d

[R/Package/DEoptimR]
Package=DEoptimR
Version=1.0-8
Source=CRAN
Hash=fb74379f9aa1f00508890e69232597ff

[R/Package/DT]
Package=DT
Version=0.9
Source=CRAN
Hash=73e767ea37656e145fb5f33e47b64e20

[R/Package/DelayedArray]
Package=DelayedArray
Version=0.8.0
Source=Bioconductor
Hash=e81cc452e071759ba2f5696f85b6d840

[R/Package/EBSeq]
Package=EBSeq
Version=1.22.1
Source=Bioconductor
Hash=ee75fffae472819dc2066764edeba164

[R/Package/FNN]
Package=FNN
Version=1.1.3
Source=CRAN
Hash=126b23311529ac18e962eafedc9a1f46

[R/Package/Formula]
Package=Formula
Version=1.2-3
Source=CRAN
Hash=01f549cb35d1c54687c7fb03b0c0b4e8

[R/Package/GEOquery]
Package=GEOquery
Version=2.50.5
Source=Bioconductor
Hash=fb35198304cce6e763c1287ee0f0e839

[R/Package/GO.db]
Package=GO.db
Version=3.7.0
Source=Bioconductor
Hash=07b8d3aa08590cefc293aea1570e153c

[R/Package/GSEABase]
Package=GSEABase
Version=1.44.0
Source=Bioconductor
Hash=63d5cdf9d8858d30dd265005aeedb304

[R/Package/GenomeInfoDb]
Package=GenomeInfoDb
Version=1.18.2
Source=Bioconductor
Hash=ca4ccde28cb8a5c12f2a21d91881e0b0

[R/Package/GenomeInfoDbData]
Package=GenomeInfoDbData
Version=1.2.0
Source=Bioconductor
Hash=c4fbec3617fcdfc1a93d9bc1cfe9f0e4

[R/Package/GenomicRanges]
Package=GenomicRanges
Version=1.34.0
Source=Bioconductor
Hash=d25a3c42c88dba34e9120542e5b89f00

[R/Package/GetoptLong]
Package=GetoptLong
Version=0.1.7
Source=CRAN
Hash=74585ad2e1003c2e0aa68389ffe3c815

[R/Package/GlobalOptions]
Package=GlobalOptions
Version=0.1.1
Source=CRAN
Hash=2a27052d2a0ad2036e85f452327764bd

[R/Package/Hmisc]
Package=Hmisc
Version=4.2-0
Source=CRAN
Hash=e5f86a41a1b6012624ab13dfc90ef7f0

[R/Package/IRanges]
Package=IRanges
Version=2.16.0
Source=Bioconductor
Hash=bc047311e5117af4f44214acee9e0281

[R/Package/KernSmooth]
Package=KernSmooth
Version=2.23-16
Source=CRAN
Hash=80402aebaf13c8274cfb60357d0cb1c2

[R/Package/MASS]
Package=MASS
Version=7.3-51.4
Source=CRAN
Hash=dfd2b1c0b9413c7eadc350505020ee96

[R/Package/MAST]
Package=MAST
Version=1.8.2
Source=Bioconductor
Hash=7984c6dca94e1520e2ecf11a74b8e758

[R/Package/Matrix]
Package=Matrix
Version=1.2-17
Source=CRAN
Hash=b10030fd8c964dbecd79719236d4a668

[R/Package/Oscope]
Package=Oscope
Version=1.12.1
Source=Bioconductor
Hash=38a34540058dfa154aae355ede92ff64

[R/Package/R.methodsS3]
Package=R.methodsS3
Version=1.7.1
Source=CRAN
Hash=3a3ae8f5af359db1d1edc0eaa85f0a3f

[R/Package/R.oo]
Package=R.oo
Version=1.23.0
Source=CRAN
Hash=24fe36f57f6dc367e3cd888db3113206

[R/Package/R.utils]
Package=R.utils
Version=2.9.0
Source=CRAN
Hash=25dfd6c232834db3f79554f52d7d7abf

[R/Package/R6]
Package=R6
Version=2.4.0
Source=CRAN
Hash=f542e196103d43e270c2f12769143a4c

[R/Package/RANN]
Package=RANN
Version=2.6.1
Source=CRAN
Hash=36300be6f26ee56823d024e74bad603c

[R/Package/RColorBrewer]
Package=RColorBrewer
Version=1.1-2
Source=CRAN
Hash=e12d9efbd8540624beb948405e496adf

[R/Package/RCurl]
Package=RCurl
Version=1.95-4.12
Source=CRAN
Hash=6187bb03ed85df8493b52297710c2416

[R/Package/ROCR]
Package=ROCR
Version=1.0-7
Source=CRAN
Hash=e9fa8161f2c1400a2336993285958bd4

[R/Package/RSQLite]
Package=RSQLite
Version=2.1.2
Source=CRAN
Hash=6c50c9fa659ab3a30d14a887786e3fff

[R/Package/RSpectra]
Package=RSpectra
Version=0.15-0
Source=CRAN
Hash=b8c2e1467f20084ab4573a8ff8bcf8bf

[R/Package/Rcpp]
Package=Rcpp
Version=1.0.2
Source=CRAN
Hash=e721c1f0aed0fba2f971b46215800a06

[R/Package/RcppAnnoy]
Package=RcppAnnoy
Version=0.0.13
Source=CRAN
Hash=8dcf502af6c634b16aa0bd48c0494784

[R/Package/RcppArmadillo]
Package=RcppArmadillo
Version=0.9.800.1.0
Source=CRAN
Hash=922fa1c8302ba3f220cb660b244b3b73

[R/Package/RcppEigen]
Package=RcppEigen
Version=0.3.3.5.0
Source=CRAN
Hash=d06160f444aa5a43b9218c0a68e66511

[R/Package/RcppParallel]
Package=RcppParallel
Version=4.4.4
Source=CRAN
Hash=d41e919f76821524ed6824717bd6fa80

[R/Package/RcppProgress]
Package=RcppProgress
Version=0.4.1
Source=CRAN
Hash=4103111c54570e373f6342b2aafa7e42

[R/Package/Rdpack]
Package=Rdpack
Version=0.11-0
Source=CRAN
Hash=7877138eff4a77a831d08af75bd4e12c

[R/Package/Rtsne]
Package=Rtsne
Version=0.15
Source=CRAN
Hash=084ff88d55591748298a3212268124b5

[R/Package/S4Vectors]
Package=S4Vectors
Version=0.20.1
Source=Bioconductor
Hash=7b952afb9d5dd97a51de412846ab5683

[R/Package/SDMTools]
Package=SDMTools
Version=1.1-221.1
Source=CRAN
Hash=3750a92f6cec07556a147db3de74b8d0

[R/Package/SRAdb]
Package=SRAdb
Version=1.44.0
Source=Bioconductor
Hash=a1f6936cd41e0fe6a4da17e8ae7f804a

[R/Package/Seurat]
Package=Seurat
Version=3.1.1
Source=CRAN
Hash=124cc54f89b877603309c4418a5cf5d9

[R/Package/SingleCellExperiment]
Package=SingleCellExperiment
Version=1.4.1
Source=Bioconductor
Hash=afee752367faba6681754e7f4bd1cd3d

[R/Package/SummarizedExperiment]
Package=SummarizedExperiment
Version=1.12.0
Source=Bioconductor
Hash=eb7db31d2ce1fbf105db90e2b9c71c3d

[R/Package/TSP]
Package=TSP
Version=1.1-7
Source=CRAN
Hash=21d8093c765d48a57cb361ee0d69f46f

[R/Package/WGCNA]
Package=WGCNA
Version=1.68
Source=CRAN
Hash=aef14dc1d252b5d8fb9564580d175a38

[R/Package/XML]
Package=XML
Version=3.98-1.20
Source=CRAN
Hash=daecd6dc8f8b9838ceabf0a9da39d56a

[R/Package/XVector]
Package=XVector
Version=0.22.0
Source=Bioconductor
Hash=57baba96b47c71347651e75e21240734

[R/Package/abind]
Package=abind
Version=1.4-5
Source=CRAN
Hash=e3e9be56e0f031ba53142b0119228ac6

[R/Package/acepack]
Package=acepack
Version=1.4.1
Source=CRAN
Hash=5f63b1f6354b1e79e1878e465ed2170b

[R/Package/annotate]
Package=annotate
Version=1.60.1
Source=Bioconductor
Hash=fe2fff33619f5877fa2045bd20de2810

[R/Package/ape]
Package=ape
Version=5.3
Source=CRAN
Hash=c7065c394faffd405b5e0a4b4c64ae86

[R/Package/askpass]
Package=askpass
Version=1.1
Source=CRAN
Hash=8cf7584c364ebfbd3b84154a0fd0c18d

[R/Package/assertthat]
Package=assertthat
Version=0.2.1
Source=CRAN
Hash=2247b53bdc6a80930cc84f85fb0d04e1

[R/Package/backports]
Package=backports
Version=1.1.5
Source=CRAN
Hash=c1a67fabe9c2239f4783bf91ff7b5832

[R/Package/base64enc]
Package=base64enc
Version=0.1-3
Source=CRAN
Hash=9e74499ff4cb4233042ed2d5c662423e

[R/Package/bibtex]
Package=bibtex
Version=0.4.2
Source=CRAN
Hash=57e700b8c9a820a82518640da2c59bdc

[R/Package/bit]
Package=bit
Version=1.1-14
Source=CRAN
Hash=fd28fab46b69714cd892877d10982498

[R/Package/bit64]
Package=bit64
Version=0.9-7
Source=CRAN
Hash=9f8528f10006714d6188b3abae478dbc

[R/Package/bitops]
Package=bitops
Version=1.0-6
Source=CRAN
Hash=5b877c0d718e2324ce03d906f493c464

[R/Package/blob]
Package=blob
Version=1.2.0
Source=CRAN
Hash=bfb0c8fa164fb01cbf7c4aa06f80d19b

[R/Package/blockmodeling]
Package=blockmodeling
Version=0.3.4
Source=CRAN
Hash=d36cb8d618abc297a88d131432eb08ad

[R/Package/boot]
Package=boot
Version=1.3-23
Source=CRAN
Hash=4b5050bc42215ed701bda266bfbda46e

[R/Package/brew]
Package=brew
Version=1.0-6
Source=CRAN
Hash=83a95e35c28b386681e1a05f29fae496

[R/Package/broom]
Package=broom
Version=0.5.2
Source=CRAN
Hash=b7b1f5fe445d9f7f50f2ca104c2d50f0

[R/Package/caTools]
Package=caTools
Version=1.17.1.2
Source=CRAN
Hash=816cad732e1cb0a5b052d7d126e73c15

[R/Package/callr]
Package=callr
Version=3.3.2
Source=CRAN
Hash=08f5e8225f6da3923a360ffe776e8264

[R/Package/cellranger]
Package=cellranger
Version=1.1.0
Source=CRAN
Hash=641af90204a29039f406800bbbcaccbb

[R/Package/checkmate]
Package=checkmate
Version=1.9.4
Source=CRAN
Hash=31ac63c21195d6605db2dad2ae78eb65

[R/Package/circlize]
Package=circlize
Version=0.4.8
Source=CRAN
Hash=92a328c7f1a18fcd31ec1fbc62aaa8a1

[R/Package/class]
Package=class
Version=7.3-15
Source=CRAN
Hash=94e89c1461195fe39d479405e10c1649

[R/Package/cli]
Package=cli
Version=1.1.0
Source=CRAN
Hash=eedaa1f888777090cdd93d19cb42fdca

[R/Package/clipr]
Package=clipr
Version=0.7.0
Source=CRAN
Hash=de862a36a696630ebb03c467c8dcac2c

[R/Package/clisymbols]
Package=clisymbols
Version=1.2.0
Source=CRAN
Hash=7d795ad90c9503c6d0e35c8ff2511a21

[R/Package/clue]
Package=clue
Version=0.3-57
Source=CRAN
Hash=6fdf3fdaa5165d0a204976cb896bd424

[R/Package/cluster]
Package=cluster
Version=2.1.0
Source=CRAN
Hash=f688c6d06a4c05cfc45364a249271980

[R/Package/codetools]
Package=codetools
Version=0.2-16
Source=CRAN
Hash=84a41ec1597d8c9ba70dc20246461577

[R/Package/colorspace]
Package=colorspace
Version=1.4-1
Source=CRAN
Hash=705e3eac14c352ff8250ec9c7481c33d

[R/Package/commonmark]
Package=commonmark
Version=1.7
Source=CRAN
Hash=1292628dbd656fd28597cc9c8050333f

[R/Package/corrplot]
Package=corrplot
Version=0.84
Source=CRAN
Hash=c26cd262d2cbd97b39086b1c1c21ab1e

[R/Package/corrr]
Package=corrr
Version=0.4.0
Source=CRAN
Hash=817150a010d482991390a3b20a9b4af5

[R/Package/covr]
Package=covr
Version=3.3.2
Source=CRAN
Hash=bc901af95d22fa615c811bc32e0437ed

[R/Package/cowplot]
Package=cowplot
Version=1.0.0
Source=CRAN
Hash=99014debf64f94b016053d4cbdc7f6bc

[R/Package/crayon]
Package=crayon
Version=1.3.4
Source=CRAN
Hash=84467438184915ca5bbf3279e1a56b44

[R/Package/crosstalk]
Package=crosstalk
Version=1.0.0
Source=CRAN
Hash=6af20710cd4fbb15d35011a15d3c8187

[R/Package/curl]
Package=curl
Version=4.2
Source=CRAN
Hash=41f0f38ef039fabae4fc6f1c948270f9

[R/Package/data.table]
Package=data.table
Version=1.12.6
Source=CRAN
Hash=4c2d8e0f0d02446faf00cbc778cacd46

[R/Package/dbplyr]
Package=dbplyr
Version=1.4.2
Source=CRAN
Hash=8bb1b09156ad84ee8dd6cd4ccc935eec

[R/Package/dendextend]
Package=dendextend
Version=1.12.0
Source=CRAN
Hash=00e1e128db4008d2c6252547e54283b8

[R/Package/desc]
Package=desc
Version=1.2.0
Source=CRAN
Hash=d033d9c9763edc1982c096a91dba894f

[R/Package/devtools]
Package=devtools
Version=2.2.1
Source=CRAN
Hash=fba34a9ac08208f3cb409b1da42e128a

[R/Package/digest]
Package=digest
Version=0.6.22
Source=CRAN
Hash=4bfc80bfbbd586c848a694bcf12eaf67

[R/Package/doParallel]
Package=doParallel
Version=1.0.15
Source=CRAN
Hash=eb1b12e72b59d2ea35db5e911fbc1802

[R/Package/doRNG]
Package=doRNG
Version=1.7.1
Source=CRAN
Hash=248088d00da68b790a21ba8a7a736793

[R/Package/docopt]
Package=docopt
Version=0.6.1
Source=CRAN
Hash=fe433dee41028e4208fbe02ef7c307ab

[R/Package/downloader]
Package=downloader
Version=0.4
Source=CRAN
Hash=0335a866d8301e0d528c1851c5458cec

[R/Package/dplyr]
Package=dplyr
Version=0.8.3
Source=CRAN
Hash=3de1a1bdb46250aa206ab67af92dffcf

[R/Package/dqrng]
Package=dqrng
Version=0.2.1
Source=CRAN
Hash=f2d03d3c80f44ee541d15d8485ccd754

[R/Package/dynamicTreeCut]
Package=dynamicTreeCut
Version=1.63-1
Source=CRAN
Hash=c79922c2275bb862d99971bddcbdc146

[R/Package/e1071]
Package=e1071
Version=1.7-2
Source=CRAN
Hash=cdae6c186b0300f70d98af0aab1a6112

[R/Package/ellipsis]
Package=ellipsis
Version=0.3.0
Source=CRAN
Hash=dab07b9916e676f3d326c0c7c4638c66

[R/Package/evaluate]
Package=evaluate
Version=0.14
Source=CRAN
Hash=3692c9c25b1811046a5447b885c8fa72

[R/Package/fansi]
Package=fansi
Version=0.4.0
Source=CRAN
Hash=ed266fd17df944c53786d83841c4770f

[R/Package/fastcluster]
Package=fastcluster
Version=1.1.25
Source=CRAN
Hash=1cb23de18266f877781df25d298e4476

[R/Package/fastmap]
Package=fastmap
Version=1.0.1
Source=CRAN
Hash=5300c1130e9274631281e0c6bd8033da

[R/Package/fit.models]
Package=fit.models
Version=0.5-14
Source=CRAN
Hash=974d856f26f33c3888f263e2238798c7

[R/Package/fitdistrplus]
Package=fitdistrplus
Version=1.0-14
Source=CRAN
Hash=b8848c6ab24f794ff64b0490a01333cb

[R/Package/forcats]
Package=forcats
Version=0.4.0
Source=CRAN
Hash=49d43119d9cb0c40c7fc3848967b5615

[R/Package/foreach]
Package=foreach
Version=1.4.7
Source=CRAN
Hash=178a2f3e2f6f9b58c7345e8c192d7b6d

[R/Package/foreign]
Package=foreign
Version=0.8-72
Source=CRAN
Hash=7ea3f8d013a4d37bec9f2ca5751c3255

[R/Package/formatR]
Package=formatR
Version=1.7
Source=CRAN
Hash=5bc0de1baef20cfc3318a8a26804e150

[R/Package/fs]
Package=fs
Version=1.3.1
Source=CRAN
Hash=2e1fdf488812a11818c914027dbd9720

[R/Package/futile.logger]
Package=futile.logger
Version=1.4.3
Source=CRAN
Hash=a8dbc86c084f07eb0d5e2ee0d023b31c

[R/Package/futile.options]
Package=futile.options
Version=1.0.1
Source=CRAN
Hash=5af8e303f765c2006838a306aa8f06d4

[R/Package/future]
Package=future
Version=1.14.0
Source=CRAN
Hash=baecbf2f9f1f2041091a007fb12c6d36

[R/Package/future.apply]
Package=future.apply
Version=1.3.0
Source=CRAN
Hash=b0200dd16e18127f848eac1633c69937

[R/Package/gbRd]
Package=gbRd
Version=0.4-11
Source=CRAN
Hash=6e91e07079bfeb40bc72b2de5a4dfa7f

[R/Package/gclus]
Package=gclus
Version=1.3.2
Source=CRAN
Hash=3fafa80eacbe48f471c27a56646c40bf

[R/Package/gdata]
Package=gdata
Version=2.18.0
Source=CRAN
Hash=6cf63863593c9a80f8b670c3732857ba

[R/Package/genefilter]
Package=genefilter
Version=1.64.0
Source=Bioconductor
Hash=877872fd2a2a75870f88e87a8a7eb2f8

[R/Package/generics]
Package=generics
Version=0.0.2
Source=CRAN
Hash=ec7ea29aaff6c6403707ca8037de62e2

[R/Package/gerr]
Package=gerr
Version=0.99.22
Source=Bioconductor
Hash=e1f5ffadabe4e4af21f0b8cf35cd8577

[R/Package/getPass]
Package=getPass
Version=0.2-2
Source=CRAN
Hash=d3ad8addeb7afd0b2ed7804d94f0915f

[R/Package/getopt]
Package=getopt
Version=1.20.3
Source=CRAN
Hash=4b083091b53a4dc8f64b59dec654939f

[R/Package/ggdendro]
Package=ggdendro
Version=0.1-20
Source=CRAN
Hash=785bf193930e8c606ed2afd409718634

[R/Package/ggplot2]
Package=ggplot2
Version=3.2.1
Source=CRAN
Hash=1128ad3ba26c5d8a5db232897f6e2499

[R/Package/ggrepel]
Package=ggrepel
Version=0.8.1
Source=CRAN
Hash=a121603e05b353dfc8746919e7073e49

[R/Package/ggridges]
Package=ggridges
Version=0.5.1
Source=CRAN
Hash=d953b19544cdf9779f4f8349daa5e41e

[R/Package/gh]
Package=gh
Version=1.0.1
Source=CRAN
Hash=35644e3625636e3508bf03ad7aec9d9c

[R/Package/git2r]
Package=git2r
Version=0.26.1
Source=CRAN
Hash=0ebb90b011ecacc3aa721b35c1ca57d6

[R/Package/glmnet]
Package=glmnet
Version=2.0-18
Source=CRAN
Hash=5acb7f8a085f53cc5b53ae293f45c2a3

[R/Package/globals]
Package=globals
Version=0.12.4
Source=CRAN
Hash=71eb0c3b0e335fd6d360240959d32a77

[R/Package/glue]
Package=glue
Version=1.3.1
Source=CRAN
Hash=9611ef23b274cfa43c85839a183948dc

[R/Package/googleVis]
Package=googleVis
Version=0.6.4
Source=CRAN
Hash=0052c290a5340c3e770a4a2d07feb8a4

[R/Package/gplots]
Package=gplots
Version=3.0.1.1
Source=CRAN
Hash=64dbd253e988cc839898377a2e963b80

[R/Package/graph]
Package=graph
Version=1.60.0
Source=Bioconductor
Hash=715dd1758f3679cabeac5ea949990c72

[R/Package/gridExtra]
Package=gridExtra
Version=2.3
Source=CRAN
Hash=664a4d998cd58c6579078447c8495437

[R/Package/gtable]
Package=gtable
Version=0.3.0
Source=CRAN
Hash=a20c2bde56b0b3a359ec5e46df1f70af

[R/Package/gtools]
Package=gtools
Version=3.8.1
Source=CRAN
Hash=5df47275cec3ab4346f2fcd6ee634a78

[R/Package/haven]
Package=haven
Version=2.1.1
Source=CRAN
Hash=6a0c0f5cd9fb37320b48048ca6a72f3b

[R/Package/here]
Package=here
Version=0.1
Source=CRAN
Hash=8108d43164849b951a38e7035b51c002

[R/Package/hexbin]
Package=hexbin
Version=1.27.3
Source=CRAN
Hash=790cab20cbd8e2608a8d843c693cc1cb

[R/Package/highr]
Package=highr
Version=0.8
Source=CRAN
Hash=b065e59a9c15cb94d07d1390f7e0e81c

[R/Package/hms]
Package=hms
Version=0.5.2
Source=CRAN
Hash=c3fa2fcc556feee09f9cc591ca02c6c8

[R/Package/htmlTable]
Package=htmlTable
Version=1.13.2
Source=CRAN
Hash=04f6ba23f59e857b69fe8b2df5630e5f

[R/Package/htmltools]
Package=htmltools
Version=0.4.0
Source=CRAN
Hash=2e12a5563fe2cdc3d30bd2c4e2ef4ebd

[R/Package/htmlwidgets]
Package=htmlwidgets
Version=1.5.1
Source=CRAN
Hash=f5f1f0d1eb010fe926829a88b15289d8

[R/Package/httpuv]
Package=httpuv
Version=1.5.2
Source=CRAN
Hash=dc4cf53f723c9a74210780155b54e476

[R/Package/httr]
Package=httr
Version=1.4.1
Source=CRAN
Hash=77b42046a526d17fdc3e8b4424ba625f

[R/Package/ica]
Package=ica
Version=1.0-2
Source=CRAN
Hash=b4072cf214d0cc85c9f88094b058333d

[R/Package/igraph]
Package=igraph
Version=1.2.4.1
Source=CRAN
Hash=5bcc5586f731de33b5aee50820e890e6

[R/Package/impute]
Package=impute
Version=1.56.0
Source=Bioconductor
Hash=e87d40a2ab5ae3e9f0e4614e908a4b8f

[R/Package/ini]
Package=ini
Version=0.3.1
Source=CRAN
Hash=baac21286fd4364616bd5d380ed9884d

[R/Package/irlba]
Package=irlba
Version=2.3.3
Source=CRAN
Hash=b40f292922dea7f0c172ea2ac3c631c0

[R/Package/iterators]
Package=iterators
Version=1.0.12
Source=CRAN
Hash=a7b819ca88c1b4eb34daefbca2593c4b

[R/Package/jsonlite]
Package=jsonlite
Version=1.6
Source=CRAN
Hash=9098f8f59907a1180f3a2ff469cd67f2

[R/Package/knitr]
Package=knitr
Version=1.25
Source=CRAN
Hash=71140f9b960f6653aec9d7f037fd39f0

[R/Package/labeling]
Package=labeling
Version=0.3
Source=CRAN
Hash=701b56435d3771d042b816ff1abb9944

[R/Package/lambda.r]
Package=lambda.r
Version=1.2.4
Source=CRAN
Hash=97fdcae62923d3e4e2b1e0df82b2e12c

[R/Package/later]
Package=later
Version=1.0.0
Source=CRAN
Hash=aa8f46e871a57e9faf1c23d87fdfeb71

[R/Package/lattice]
Package=lattice
Version=0.20-38
Source=CRAN
Hash=ab950ea929b83c44eeba6ce00e280f9a

[R/Package/latticeExtra]
Package=latticeExtra
Version=0.6-28
Source=CRAN
Hash=495403d95720e2be15f6b4692f97f341

[R/Package/lazyeval]
Package=lazyeval
Version=0.2.2
Source=CRAN
Hash=a230d72a95d16715973ad2ae0664cfc0

[R/Package/leiden]
Package=leiden
Version=0.3.1
Source=CRAN
Hash=bd19459131f2d5e45a37379dd18de069

[R/Package/lifecycle]
Package=lifecycle
Version=0.1.0
Source=CRAN
Hash=53c4173a583ba67a6f1f825ce0f1a599

[R/Package/limma]
Package=limma
Version=3.38.3
Source=Bioconductor
Hash=172d36e74d8894bb84d017576cde6d39

[R/Package/listenv]
Package=listenv
Version=0.7.0
Source=CRAN
Hash=fa321de3a72957f68a2d6506e60a1f8b

[R/Package/lme4]
Package=lme4
Version=1.1-21
Source=CRAN
Hash=171f1a9089d20fb87b120bfdc7e4f61f

[R/Package/lmtest]
Package=lmtest
Version=0.9-37
Source=CRAN
Hash=548124bebaa8f918006a5c410faf8a4c

[R/Package/lsei]
Package=lsei
Version=1.2-0
Source=CRAN
Hash=123fd76e177a848e4eac3bc4001250c5

[R/Package/lubridate]
Package=lubridate
Version=1.7.4
Source=CRAN
Hash=a029e4bbebf820cb061be3eede251988

[R/Package/magrittr]
Package=magrittr
Version=1.5
Source=CRAN
Hash=1063976a6affe09eb75fc2927b8d4d9d

[R/Package/markdown]
Package=markdown
Version=1.1
Source=CRAN
Hash=a5bd37ab11052dfe08265acbd52f46cc

[R/Package/matrixStats]
Package=matrixStats
Version=0.55.0
Source=CRAN
Hash=70643567df1d4961c01314fa6ee632f8

[R/Package/memoise]
Package=memoise
Version=1.1.0
Source=CRAN
Hash=69e69a93c4521440b176fa74be579356

[R/Package/metap]
Package=metap
Version=1.1
Source=CRAN
Hash=d8502fa8e11df301aebcfb1a2259fe56

[R/Package/mgcv]
Package=mgcv
Version=1.8-30
Source=CRAN
Hash=5242123edbc147567d5fdd528eec8aeb

[R/Package/mime]
Package=mime
Version=0.7
Source=CRAN
Hash=094d9b4eee8417a441181cc46ea022a8

[R/Package/minqa]
Package=minqa
Version=1.2.4
Source=CRAN
Hash=58353b3d94ed6169c01e048b76ef56d3

[R/Package/mixtools]
Package=mixtools
Version=1.1.0
Source=CRAN
Hash=af194e01487d3b22fb7321bf9ff1898d

[R/Package/modelr]
Package=modelr
Version=0.1.5
Source=CRAN
Hash=b99f24bdd731707b969079a04a14483c

[R/Package/msigdbr]
Package=msigdbr
Version=7.0.1
Source=CRAN
Hash=a5c3ac53fe5bacabe71fd8dc799e653b

[R/Package/munsell]
Package=munsell
Version=0.5.0
Source=CRAN
Hash=504a3c6bd8b5b9c1f4dd9065ead25c9a

[R/Package/mvtnorm]
Package=mvtnorm
Version=1.0-11
Source=CRAN
Hash=fc63d45e5bc48242f521be18a245fccb

[R/Package/nlme]
Package=nlme
Version=3.1-141
Source=CRAN
Hash=beb8dede63f970608de813e6b94667ef

[R/Package/nloptr]
Package=nloptr
Version=1.2.1
Source=CRAN
Hash=ffd3c6567d042312e707660b09f512e9

[R/Package/nnet]
Package=nnet
Version=7.3-12
Source=CRAN
Hash=c1c971424a8272bf9c4855c3655b4f2f

[R/Package/npsurv]
Package=npsurv
Version=0.4-0
Source=CRAN
Hash=0b8e36e233bebd7e9a47b23c4090e470

[R/Package/openssl]
Package=openssl
Version=1.4.1
Source=CRAN
Hash=af193b891ea01cd7ddd2a0b72303832a

[R/Package/openxlsx]
Package=openxlsx
Version=4.1.2
Source=CRAN
Hash=a05da84d92a2c6a4a1b1b9cd8779cfa6

[R/Package/optparse]
Package=optparse
Version=1.6.4
Source=CRAN
Hash=68bef0f150b14619b8b418baadf82a4e

[R/Package/pbapply]
Package=pbapply
Version=1.4-2
Source=CRAN
Hash=230272631f6bdedcffb3882b2e8e2b65

[R/Package/pcaPP]
Package=pcaPP
Version=1.9-73
Source=CRAN
Hash=38c3838fe7378260842a0d4e714a494f

[R/Package/philentropy]
Package=philentropy
Version=0.3.0
Source=CRAN
Hash=6abcdaf1b11b8c557f7237417d76a1dc

[R/Package/pillar]
Package=pillar
Version=1.4.2
Source=CRAN
Hash=7ba4fa330b1453d8fb8e69ad068552c8

[R/Package/pkgbuild]
Package=pkgbuild
Version=1.0.6
Source=CRAN
Hash=5e349b04da163be4278321d3a14256c4

[R/Package/pkgconfig]
Package=pkgconfig
Version=2.0.3
Source=CRAN
Hash=6ca7d11a3372241b0fafff7c2170566c

[R/Package/pkgload]
Package=pkgload
Version=1.0.2
Source=CRAN
Hash=05fc6d91ef1820c65c961696fb90ef4c

[R/Package/pkgmaker]
Package=pkgmaker
Version=0.27
Source=CRAN
Hash=87beae7d3cc1d82c2c5b254a7af72256

[R/Package/plogr]
Package=plogr
Version=0.2.0
Source=CRAN
Hash=a99927b0b9c09008dd207da128bb050f

[R/Package/plotly]
Package=plotly
Version=4.9.0
Source=CRAN
Hash=5105dbb5ec4c0d0328d70d5548bb7b16

[R/Package/plyr]
Package=plyr
Version=1.8.4
Source=CRAN
Hash=22a149ed250857f9159e7ed078ea94a6

[R/Package/png]
Package=png
Version=0.1-7
Source=CRAN
Hash=ef32889065e818c2331e9f43b7e20bac

[R/Package/praise]
Package=praise
Version=1.0.0
Source=CRAN
Hash=12eeb7b35cd1d786ef1421eb3e70cbd4

[R/Package/preprocessCore]
Package=preprocessCore
Version=1.44.0
Source=Bioconductor
Hash=2b5d81bf33ee5a9e854134bf8425e527

[R/Package/prettyunits]
Package=prettyunits
Version=1.0.2
Source=CRAN
Hash=d6f0227d29f17a4a8a73bbad025adab5

[R/Package/processx]
Package=processx
Version=3.4.1
Source=CRAN
Hash=1fd0437d8c3ce84b44c041a72b845a63

[R/Package/progress]
Package=progress
Version=1.2.2
Source=CRAN
Hash=11a8e4fda623ee20d4bb94c8ba1ca1cc

[R/Package/promises]
Package=promises
Version=1.1.0
Source=CRAN
Hash=3bd944a40cf1475a85aedbe8254e20ae

[R/Package/proxy]
Package=proxy
Version=0.4-23
Source=CRAN
Hash=0306ddae630ba39de844714e5dee19d0

[R/Package/ps]
Package=ps
Version=1.3.0
Source=CRAN
Hash=4a21b2c9033d140e122ed23d16592f22

[R/Package/purrr]
Package=purrr
Version=0.3.3
Source=CRAN
Hash=571b466541dc803e25c3e9e9d82e49a7

[R/Package/qap]
Package=qap
Version=0.1-1
Source=CRAN
Hash=bd31e8c2320804ac8037fd1b76ca2dd0

[R/Package/randomForest]
Package=randomForest
Version=4.6-14
Source=CRAN
Hash=d34b5f58fe2228378af562fb483f7f79

[R/Package/rcmdcheck]
Package=rcmdcheck
Version=1.3.3
Source=CRAN
Hash=f57e186b2cb68d46e49d4ebb47f6f5a9

[R/Package/readr]
Package=readr
Version=1.3.1
Source=CRAN
Hash=2611ed0db33c461567329314edd04bc5

[R/Package/readxl]
Package=readxl
Version=1.3.1
Source=CRAN
Hash=ed486d4862f0f4b7eced259ac289eda8

[R/Package/registry]
Package=registry
Version=0.5-1
Source=CRAN
Hash=c9baa2abe4b10ec99ed38cf398d1e8e5

[R/Package/rematch]
Package=rematch
Version=1.0.1
Source=CRAN
Hash=a64ac0bf7d11782324b6d3acb62f7760

[R/Package/remotes]
Package=remotes
Version=2.1.0
Source=CRAN
Hash=391137cb28d3d0dac10d7dc5e9d3ebb3

[R/Package/rentrez]
Package=rentrez
Version=1.2.2
Source=CRAN
Hash=3ecbfac8b200307d7721b18aadd1344e

[R/Package/reprex]
Package=reprex
Version=0.3.0
Source=CRAN
Hash=c3bb774c154b8c0a1f923c24ac6ffa02

[R/Package/reshape2]
Package=reshape2
Version=1.4.3
Source=CRAN
Hash=431389bf4e0708ebafb1dec474f3cba8

[R/Package/reticulate]
Package=reticulate
Version=1.13
Source=CRAN
Hash=13bbf08b65351a9f858af2e4dd6a851e

[R/Package/rex]
Package=rex
Version=1.1.2
Source=CRAN
Hash=b7ab4f837f2fcd91b2ebbe5583d4bb70

[R/Package/rjson]
Package=rjson
Version=0.2.20
Source=CRAN
Hash=d14ea6af73de2a7b3972d685aefa25b5

[R/Package/rlang]
Package=rlang
Version=0.4.1
Source=CRAN
Hash=d0beeb77e482cf5cc0ae578e9b0e0f65

[R/Package/rlm]
Package=rlm
Version=1.2
Source=CRAN
Hash=533eeb5ec848a1a81214d8811d27b629

[R/Package/rmarkdown]
Package=rmarkdown
Version=1.16
Source=CRAN
Hash=237c4400c4d2ada46d4f03f59e48ba10

[R/Package/rngtools]
Package=rngtools
Version=1.4
Source=CRAN
Hash=1ae01dd9aaecc1e314fe15276659a125

[R/Package/robust]
Package=robust
Version=0.4-18.1
Source=CRAN
Hash=cb083066c0ca66a387baa635f4cf5334

[R/Package/robustbase]
Package=robustbase
Version=0.93-5
Source=CRAN
Hash=bf10da9024120a1af7db4a4fb1b0ac9f

[R/Package/roxygen2]
Package=roxygen2
Version=6.1.1
Source=CRAN
Hash=1f89f067e58d62d462b38e098fdff8b6

[R/Package/rpart]
Package=rpart
Version=4.1-15
Source=CRAN
Hash=2ccc82572c1e4bbc9c69eba70439d226

[R/Package/rprojroot]
Package=rprojroot
Version=1.3-2
Source=CRAN
Hash=e6c60a758ed15027bf9ba44701d2e01d

[R/Package/rrcov]
Package=rrcov
Version=1.4-7
Source=CRAN
Hash=ff888b3c453a85cf27def4be1a117fd4

[R/Package/rstudioapi]
Package=rstudioapi
Version=0.10
Source=CRAN
Hash=7017924bdb0eb5bc313f4dae2352e65a

[R/Package/rsvd]
Package=rsvd
Version=1.0.2
Source=CRAN
Hash=3d1320ab3dccf0048162ade9022d7241

[R/Package/rversions]
Package=rversions
Version=2.0.0
Source=CRAN
Hash=0158bd9830f72b200b68ca200c74f7bb

[R/Package/rvest]
Package=rvest
Version=0.3.4
Source=CRAN
Hash=0314f1584404c89fed9867ceb51c56b3

[R/Package/scales]
Package=scales
Version=1.0.0
Source=CRAN
Hash=55f0078e1e49c799686b5cb57f886087

[R/Package/scmap]
Package=scmap
Version=1.4.1
Source=Bioconductor
Hash=1ca4f7b45f8c79d8abeb2f825ea33a02

[R/Package/sctransform]
Package=sctransform
Version=0.2.0
Source=CRAN
Hash=233115609c7a497f389b810aac7d9aab

[R/Package/segmented]
Package=segmented
Version=1.0-0
Source=CRAN
Hash=83483d888a92ea7dcdd10b2904caf88b

[R/Package/selectr]
Package=selectr
Version=0.4-1
Source=CRAN
Hash=a7129d8308a220ff96d9d994d7f12767

[R/Package/seriation]
Package=seriation
Version=1.2-8
Source=CRAN
Hash=bcb9cbbb43bb337cd4a1a6d10d0a2795

[R/Package/sessioninfo]
Package=sessioninfo
Version=1.1.1
Source=CRAN
Hash=c756eca9ff3fa1036cda98ac151e8387

[R/Package/shape]
Package=shape
Version=1.4.4
Source=CRAN
Hash=0c27981fdc4d05cb87d0e4d619c40321

[R/Package/shiny]
Package=shiny
Version=1.4.0
Source=CRAN
Hash=b0835398a0461327604f8511488c0e90

[R/Package/sitmo]
Package=sitmo
Version=2.0.1
Source=CRAN
Hash=a482340fe725644a7fbd70656d85028e

[R/Package/snow]
Package=snow
Version=0.4-3
Source=CRAN
Hash=f991043400081761aa8ea61074df9186

[R/Package/sourcetools]
Package=sourcetools
Version=0.1.7
Source=CRAN
Hash=78d8b58ebdba4de65b6d07770ae18f8c

[R/Package/stringi]
Package=stringi
Version=1.4.3
Source=CRAN
Hash=173c63cf8b9f876dba8b2984ce7a65d7

[R/Package/stringr]
Package=stringr
Version=1.4.0
Source=CRAN
Hash=813b06afd70ca31c1071395d49346b89

[R/Package/survival]
Package=survival
Version=2.44-1.1
Source=CRAN
Hash=4c474c1fb121231f818484befeae8e5f

[R/Package/sva]
Package=sva
Version=3.30.1
Source=Bioconductor
Hash=4ac7f9fae4ab5ce643f5589833a37ced

[R/Package/sys]
Package=sys
Version=3.3
Source=CRAN
Hash=8b50e3e1007a9640ebcbb15bc45580b6

[R/Package/testthat]
Package=testthat
Version=2.2.1
Source=CRAN
Hash=21570d4f1fed74c702bdd2a4502d7359

[R/Package/tibble]
Package=tibble
Version=2.1.3
Source=CRAN
Hash=5c9738ae12a6d352b0b0477dc023f473

[R/Package/tidyr]
Package=tidyr
Version=1.0.0
Source=CRAN
Hash=a203c546f51eb4cdc6f528b69484ffca

[R/Package/tidyselect]
Package=tidyselect
Version=0.2.5
Source=CRAN
Hash=40aceb5150e00cfe7a4999b4672cf614

[R/Package/tidyverse]
Package=tidyverse
Version=1.2.1
Source=CRAN
Hash=ed06631956271b1fd125d30ca18d3dab

[R/Package/tinytex]
Package=tinytex
Version=0.17
Source=CRAN
Hash=c8dd8838bdd3ee27e5b89d163b982f87

[R/Package/tsne]
Package=tsne
Version=0.1-3
Source=CRAN
Hash=7f449e3df996c8f692c5d1c0e367b06d

[R/Package/usethis]
Package=usethis
Version=1.5.1
Source=CRAN
Hash=fca88db6b5921a7ad21152e561d11a7d

[R/Package/utf8]
Package=utf8
Version=1.1.4
Source=CRAN
Hash=6399c80981358af7b39c217c72f22785

[R/Package/uwot]
Package=uwot
Version=0.1.4
Source=CRAN
Hash=5d0c80422b7bc2dcbfd9a1f4dc5a2b27

[R/Package/vctrs]
Package=vctrs
Version=0.2.0
Source=CRAN
Hash=ec806db8a9ac56452c739cbe36ab71f2

[R/Package/viridis]
Package=viridis
Version=0.5.1
Source=CRAN
Hash=843854d5994486b476793d01830a1cd4

[R/Package/viridisLite]
Package=viridisLite
Version=0.3.0
Source=CRAN
Hash=732c3dabc42bce1fafb5d286184804c6

[R/Package/whisker]
Package=whisker
Version=0.4
Source=CRAN
Hash=a1b968ba371973114f14b5dc023810c2

[R/Package/withr]
Package=withr
Version=2.1.2
Source=CRAN
Hash=844aae4b78fac8f6ed2541cde1facdb3

[R/Package/workflowr]
Package=workflowr
Version=1.5.0
Source=CRAN
Hash=ae1a93dd61fd42daa783d0c8c845b253

[R/Package/xfun]
Package=xfun
Version=0.10
Source=CRAN
Hash=d7473337daced7655038233801e63132

[R/Package/xml2]
Package=xml2
Version=1.2.2
Source=CRAN
Hash=94db468be9ecb18b8156f34cbc14f3d0

[R/Package/xopen]
Package=xopen
Version=1.0.0
Source=CRAN
Hash=cd708a0f4e3f7b00fc7937e4dbe4c6d6

[R/Package/xtable]
Package=xtable
Version=1.8-4
Source=CRAN
Hash=e9e84aa1396826d8671e25862ced7763

[R/Package/yaml]
Package=yaml
Version=2.2.0
Source=CRAN
Hash=9db4f908886820b37f76b5ecc52c76e6

[R/Package/zeallot]
Package=zeallot
Version=0.1.0
Source=CRAN
Hash=51d0973c2f935cae2e50e6687e2bd90b

[R/Package/zip]
Package=zip
Version=2.0.4
Source=CRAN
Hash=c12cbf6d1335fe0b609ca950b4d1a83f

[R/Package/zlibbioc]
Package=zlibbioc
Version=1.28.0
Source=Bioconductor
Hash=eb3d8c30d3738fc365c1cc050ec59247

[R/Package/zoo]
Package=zoo
Version=1.8-6
Source=CRAN
Hash=4b412bc2a398a97ad2d13e800038b9c5

